
Microsoft Visual Studio Solution File, Format Version 12.00
# Visual Studio Version 16
VisualStudioVersion = 16.0.31205.134
MinimumVisualStudioVersion = 10.0.40219.1
Project("{9A19103F-16F7-4668-BE54-9A1E7A4F7556}") = "ders5_IBB", "ders5_IBB\ders5_IBB.csproj", "{7D7D5221-86D5-45EE-9DE8-6757A70A71E3}"
EndProject
Project("{2150E333-8FDC-42A3-9474-1A3956D46DE8}") = "Solution Items", "Solution Items", "{6E41F246-47AE-4301-A7FF-329E10810A2E}"
EndProject
Global
	GlobalSection(SolutionConfigurationPlatforms) = preSolution
		Debug|Any CPU = Debug|Any CPU
		Release|Any CPU = Release|Any CPU
	EndGlobalSection
	GlobalSection(ProjectConfigurationPlatforms) = postSolution
		{7D7D5221-86D5-45EE-9DE8-6757A70A71E3}.Debug|Any CPU.ActiveCfg = Debug|Any CPU
		{7D7D5221-86D5-45EE-9DE8-6757A70A71E3}.Debug|Any CPU.Build.0 = Debug|Any CPU
		{7D7D5221-86D5-45EE-9DE8-6757A70A71E3}.Release|Any CPU.ActiveCfg = Release|Any CPU
		{7D7D5221-86D5-45EE-9DE8-6757A70A71E3}.Release|Any CPU.Build.0 = Release|Any CPU
	EndGlobalSection
	GlobalSection(SolutionProperties) = preSolution
		HideSolutionNode = FALSE
	EndGlobalSection
	GlobalSection(ExtensibilityGlobals) = postSolution
		SolutionGuid = {42DEB265-6BA5-496A-8320-225A21990A41}
	EndGlobalSection
EndGlobal
